// !$*UTF8*$!
{
	archiveVersion = 1;
	classes = {
	};
	objectVersion = 55;
	objects = {

/* Begin PBXBuildFile section */
		012069A127A12BB7005AA11C /* QuestionsCell.swift in Sources */ = {isa = PBXBuildFile; fileRef = 012069A027A12BB7005AA11C /* QuestionsCell.swift */; };
		01797ECE279ED77E00361AC1 /* QuestionsViewModel.swift in Sources */ = {isa = PBXBuildFile; fileRef = 01797ECD279ED77E00361AC1 /* QuestionsViewModel.swift */; };
		01797F24279EE34000361AC1 /* KatexMathView.swift in Sources */ = {isa = PBXBuildFile; fileRef = 01797ECF279EE34000361AC1 /* KatexMathView.swift */; };
		01797F77279EE63300361AC1 /* katex in Resources */ = {isa = PBXBuildFile; fileRef = 01797F76279EE63300361AC1 /* katex */; };
		018EE3AD279D3AC4008878CC /* Constants.swift in Sources */ = {isa = PBXBuildFile; fileRef = 018EE3AC279D3AC4008878CC /* Constants.swift */; };
		018EE3AF279D3C36008878CC /* Navigator.swift in Sources */ = {isa = PBXBuildFile; fileRef = 018EE3AE279D3C36008878CC /* Navigator.swift */; };
		018EE3B1279D9E78008878CC /* QuestionsViewController.swift in Sources */ = {isa = PBXBuildFile; fileRef = 018EE3B0279D9E78008878CC /* QuestionsViewController.swift */; };
		018EE3B3279E7CC9008878CC /* QuestionCell.swift in Sources */ = {isa = PBXBuildFile; fileRef = 018EE3B2279E7CC9008878CC /* QuestionCell.swift */; };
		018EE3B5279E7CE9008878CC /* OptionsCell.swift in Sources */ = {isa = PBXBuildFile; fileRef = 018EE3B4279E7CE9008878CC /* OptionsCell.swift */; };
		01E0A9972799BAD800A5B11E /* AppDelegate.swift in Sources */ = {isa = PBXBuildFile; fileRef = 01E0A9962799BAD800A5B11E /* AppDelegate.swift */; };
		01E0A9992799BAD800A5B11E /* SceneDelegate.swift in Sources */ = {isa = PBXBuildFile; fileRef = 01E0A9982799BAD800A5B11E /* SceneDelegate.swift */; };
		01E0A99B2799BAD800A5B11E /* LandingPageViewController.swift in Sources */ = {isa = PBXBuildFile; fileRef = 01E0A99A2799BAD800A5B11E /* LandingPageViewController.swift */; };
		01E0A99E2799BAD800A5B11E /* Main.storyboard in Resources */ = {isa = PBXBuildFile; fileRef = 01E0A99C2799BAD800A5B11E /* Main.storyboard */; };
		01E0A9A02799BADA00A5B11E /* Assets.xcassets in Resources */ = {isa = PBXBuildFile; fileRef = 01E0A99F2799BADA00A5B11E /* Assets.xcassets */; };
		01E0A9A32799BADA00A5B11E /* LaunchScreen.storyboard in Resources */ = {isa = PBXBuildFile; fileRef = 01E0A9A12799BADA00A5B11E /* LaunchScreen.storyboard */; };
		01E0A9AE2799BADA00A5B11E /* iExamTests.swift in Sources */ = {isa = PBXBuildFile; fileRef = 01E0A9AD2799BADA00A5B11E /* iExamTests.swift */; };
		01E0A9B82799BADA00A5B11E /* iExamUITests.swift in Sources */ = {isa = PBXBuildFile; fileRef = 01E0A9B72799BADA00A5B11E /* iExamUITests.swift */; };
		01E0A9BA2799BADA00A5B11E /* iExamUITestsLaunchTests.swift in Sources */ = {isa = PBXBuildFile; fileRef = 01E0A9B92799BADA00A5B11E /* iExamUITestsLaunchTests.swift */; };
		01E0A9C7279AB3B300A5B11E /* InformationViewController.swift in Sources */ = {isa = PBXBuildFile; fileRef = 01E0A9C6279AB3B300A5B11E /* InformationViewController.swift */; };
		01E0A9CB279AB87200A5B11E /* UIView+Extension.swift in Sources */ = {isa = PBXBuildFile; fileRef = 01E0A9CA279AB87200A5B11E /* UIView+Extension.swift */; };
		01E0A9CE279ACA6800A5B11E /* Alamofire in Frameworks */ = {isa = PBXBuildFile; productRef = 01E0A9CD279ACA6800A5B11E /* Alamofire */; };
		01E0A9D0279AD12C00A5B11E /* LandingPageViewModel.swift in Sources */ = {isa = PBXBuildFile; fileRef = 01E0A9CF279AD12C00A5B11E /* LandingPageViewModel.swift */; };
		01E0A9D2279AD47200A5B11E /* InformationViewModel.swift in Sources */ = {isa = PBXBuildFile; fileRef = 01E0A9D1279AD47200A5B11E /* InformationViewModel.swift */; };
		01E0A9D4279AD5A400A5B11E /* NetworkManager.swift in Sources */ = {isa = PBXBuildFile; fileRef = 01E0A9D3279AD5A400A5B11E /* NetworkManager.swift */; };
/* End PBXBuildFile section */

/* Begin PBXContainerItemProxy section */
		01E0A9AA2799BADA00A5B11E /* PBXContainerItemProxy */ = {
			isa = PBXContainerItemProxy;
			containerPortal = 01E0A98B2799BAD800A5B11E /* Project object */;
			proxyType = 1;
			remoteGlobalIDString = 01E0A9922799BAD800A5B11E;
			remoteInfo = iExam;
		};
		01E0A9B42799BADA00A5B11E /* PBXContainerItemProxy */ = {
			isa = PBXContainerItemProxy;
			containerPortal = 01E0A98B2799BAD800A5B11E /* Project object */;
			proxyType = 1;
			remoteGlobalIDString = 01E0A9922799BAD800A5B11E;
			remoteInfo = iExam;
		};
/* End PBXContainerItemProxy section */

/* Begin PBXFileReference section */
		012069A027A12BB7005AA11C /* QuestionsCell.swift */ = {isa = PBXFileReference; lastKnownFileType = sourcecode.swift; path = QuestionsCell.swift; sourceTree = "<group>"; };
		01797ECD279ED77E00361AC1 /* QuestionsViewModel.swift */ = {isa = PBXFileReference; lastKnownFileType = sourcecode.swift; path = QuestionsViewModel.swift; sourceTree = "<group>"; };
		01797ECF279EE34000361AC1 /* KatexMathView.swift */ = {isa = PBXFileReference; fileEncoding = 4; lastKnownFileType = sourcecode.swift; path = KatexMathView.swift; sourceTree = "<group>"; };
		01797F76279EE63300361AC1 /* katex */ = {isa = PBXFileReference; lastKnownFileType = folder; path = katex; sourceTree = "<group>"; };
		018EE3AC279D3AC4008878CC /* Constants.swift */ = {isa = PBXFileReference; lastKnownFileType = sourcecode.swift; path = Constants.swift; sourceTree = "<group>"; };
		018EE3AE279D3C36008878CC /* Navigator.swift */ = {isa = PBXFileReference; lastKnownFileType = sourcecode.swift; path = Navigator.swift; sourceTree = "<group>"; };
		018EE3B0279D9E78008878CC /* QuestionsViewController.swift */ = {isa = PBXFileReference; lastKnownFileType = sourcecode.swift; path = QuestionsViewController.swift; sourceTree = "<group>"; };
		018EE3B2279E7CC9008878CC /* QuestionCell.swift */ = {isa = PBXFileReference; lastKnownFileType = sourcecode.swift; path = QuestionCell.swift; sourceTree = "<group>"; };
		018EE3B4279E7CE9008878CC /* OptionsCell.swift */ = {isa = PBXFileReference; lastKnownFileType = sourcecode.swift; path = OptionsCell.swift; sourceTree = "<group>"; };
		01E0A9932799BAD800A5B11E /* iExam.app */ = {isa = PBXFileReference; explicitFileType = wrapper.application; includeInIndex = 0; path = iExam.app; sourceTree = BUILT_PRODUCTS_DIR; };
		01E0A9962799BAD800A5B11E /* AppDelegate.swift */ = {isa = PBXFileReference; lastKnownFileType = sourcecode.swift; path = AppDelegate.swift; sourceTree = "<group>"; };
		01E0A9982799BAD800A5B11E /* SceneDelegate.swift */ = {isa = PBXFileReference; lastKnownFileType = sourcecode.swift; path = SceneDelegate.swift; sourceTree = "<group>"; };
		01E0A99A2799BAD800A5B11E /* LandingPageViewController.swift */ = {isa = PBXFileReference; lastKnownFileType = sourcecode.swift; path = LandingPageViewController.swift; sourceTree = "<group>"; };
		01E0A99D2799BAD800A5B11E /* Base */ = {isa = PBXFileReference; lastKnownFileType = file.storyboard; name = Base; path = Base.lproj/Main.storyboard; sourceTree = "<group>"; };
		01E0A99F2799BADA00A5B11E /* Assets.xcassets */ = {isa = PBXFileReference; lastKnownFileType = folder.assetcatalog; path = Assets.xcassets; sourceTree = "<group>"; };
		01E0A9A22799BADA00A5B11E /* Base */ = {isa = PBXFileReference; lastKnownFileType = file.storyboard; name = Base; path = Base.lproj/LaunchScreen.storyboard; sourceTree = "<group>"; };
		01E0A9A42799BADA00A5B11E /* Info.plist */ = {isa = PBXFileReference; lastKnownFileType = text.plist.xml; path = Info.plist; sourceTree = "<group>"; };
		01E0A9A92799BADA00A5B11E /* iExamTests.xctest */ = {isa = PBXFileReference; explicitFileType = wrapper.cfbundle; includeInIndex = 0; path = iExamTests.xctest; sourceTree = BUILT_PRODUCTS_DIR; };
		01E0A9AD2799BADA00A5B11E /* iExamTests.swift */ = {isa = PBXFileReference; lastKnownFileType = sourcecode.swift; path = iExamTests.swift; sourceTree = "<group>"; };
		01E0A9B32799BADA00A5B11E /* iExamUITests.xctest */ = {isa = PBXFileReference; explicitFileType = wrapper.cfbundle; includeInIndex = 0; path = iExamUITests.xctest; sourceTree = BUILT_PRODUCTS_DIR; };
		01E0A9B72799BADA00A5B11E /* iExamUITests.swift */ = {isa = PBXFileReference; lastKnownFileType = sourcecode.swift; path = iExamUITests.swift; sourceTree = "<group>"; };
		01E0A9B92799BADA00A5B11E /* iExamUITestsLaunchTests.swift */ = {isa = PBXFileReference; lastKnownFileType = sourcecode.swift; path = iExamUITestsLaunchTests.swift; sourceTree = "<group>"; };
		01E0A9C6279AB3B300A5B11E /* InformationViewController.swift */ = {isa = PBXFileReference; lastKnownFileType = sourcecode.swift; path = InformationViewController.swift; sourceTree = "<group>"; };
		01E0A9CA279AB87200A5B11E /* UIView+Extension.swift */ = {isa = PBXFileReference; lastKnownFileType = sourcecode.swift; path = "UIView+Extension.swift"; sourceTree = "<group>"; };
		01E0A9CF279AD12C00A5B11E /* LandingPageViewModel.swift */ = {isa = PBXFileReference; lastKnownFileType = sourcecode.swift; path = LandingPageViewModel.swift; sourceTree = "<group>"; };
		01E0A9D1279AD47200A5B11E /* InformationViewModel.swift */ = {isa = PBXFileReference; lastKnownFileType = sourcecode.swift; path = InformationViewModel.swift; sourceTree = "<group>"; };
		01E0A9D3279AD5A400A5B11E /* NetworkManager.swift */ = {isa = PBXFileReference; lastKnownFileType = sourcecode.swift; path = NetworkManager.swift; sourceTree = "<group>"; };
/* End PBXFileReference section */

/* Begin PBXFrameworksBuildPhase section */
		01E0A9902799BAD800A5B11E /* Frameworks */ = {
			isa = PBXFrameworksBuildPhase;
			buildActionMask = 2147483647;
			files = (
				01E0A9CE279ACA6800A5B11E /* Alamofire in Frameworks */,
			);
			runOnlyForDeploymentPostprocessing = 0;
		};
		01E0A9A62799BADA00A5B11E /* Frameworks */ = {
			isa = PBXFrameworksBuildPhase;
			buildActionMask = 2147483647;
			files = (
			);
			runOnlyForDeploymentPostprocessing = 0;
		};
		01E0A9B02799BADA00A5B11E /* Frameworks */ = {
			isa = PBXFrameworksBuildPhase;
			buildActionMask = 2147483647;
			files = (
			);
			runOnlyForDeploymentPostprocessing = 0;
		};
/* End PBXFrameworksBuildPhase section */

/* Begin PBXGroup section */
		01E0A98A2799BAD800A5B11E = {
			isa = PBXGroup;
			children = (
				01797F76279EE63300361AC1 /* katex */,
				01E0A9952799BAD800A5B11E /* iExam */,
				01E0A9AC2799BADA00A5B11E /* iExamTests */,
				01E0A9B62799BADA00A5B11E /* iExamUITests */,
				01E0A9942799BAD800A5B11E /* Products */,
			);
			sourceTree = "<group>";
		};
		01E0A9942799BAD800A5B11E /* Products */ = {
			isa = PBXGroup;
			children = (
				01E0A9932799BAD800A5B11E /* iExam.app */,
				01E0A9A92799BADA00A5B11E /* iExamTests.xctest */,
				01E0A9B32799BADA00A5B11E /* iExamUITests.xctest */,
			);
			name = Products;
			sourceTree = "<group>";
		};
		01E0A9952799BAD800A5B11E /* iExam */ = {
			isa = PBXGroup;
			children = (
				01797ECF279EE34000361AC1 /* KatexMathView.swift */,
				01E0A9962799BAD800A5B11E /* AppDelegate.swift */,
				01E0A9D3279AD5A400A5B11E /* NetworkManager.swift */,
				01E0A9C6279AB3B300A5B11E /* InformationViewController.swift */,
				01E0A9D1279AD47200A5B11E /* InformationViewModel.swift */,
				01E0A9982799BAD800A5B11E /* SceneDelegate.swift */,
				01E0A99A2799BAD800A5B11E /* LandingPageViewController.swift */,
				01E0A9CF279AD12C00A5B11E /* LandingPageViewModel.swift */,
				01E0A9CA279AB87200A5B11E /* UIView+Extension.swift */,
				018EE3B0279D9E78008878CC /* QuestionsViewController.swift */,
				01797ECD279ED77E00361AC1 /* QuestionsViewModel.swift */,
				018EE3AE279D3C36008878CC /* Navigator.swift */,
				018EE3AC279D3AC4008878CC /* Constants.swift */,
				018EE3B2279E7CC9008878CC /* QuestionCell.swift */,
				012069A027A12BB7005AA11C /* QuestionsCell.swift */,
				018EE3B4279E7CE9008878CC /* OptionsCell.swift */,
				01E0A99C2799BAD800A5B11E /* Main.storyboard */,
				01E0A99F2799BADA00A5B11E /* Assets.xcassets */,
				01E0A9A12799BADA00A5B11E /* LaunchScreen.storyboard */,
				01E0A9A42799BADA00A5B11E /* Info.plist */,
			);
			path = iExam;
			sourceTree = "<group>";
		};
		01E0A9AC2799BADA00A5B11E /* iExamTests */ = {
			isa = PBXGroup;
			children = (
				01E0A9AD2799BADA00A5B11E /* iExamTests.swift */,
			);
			path = iExamTests;
			sourceTree = "<group>";
		};
		01E0A9B62799BADA00A5B11E /* iExamUITests */ = {
			isa = PBXGroup;
			children = (
				01E0A9B72799BADA00A5B11E /* iExamUITests.swift */,
				01E0A9B92799BADA00A5B11E /* iExamUITestsLaunchTests.swift */,
			);
			path = iExamUITests;
			sourceTree = "<group>";
		};
/* End PBXGroup section */

/* Begin PBXNativeTarget section */
		01E0A9922799BAD800A5B11E /* iExam */ = {
			isa = PBXNativeTarget;
			buildConfigurationList = 01E0A9BD2799BADA00A5B11E /* Build configuration list for PBXNativeTarget "iExam" */;
			buildPhases = (
				01E0A98F2799BAD800A5B11E /* Sources */,
				01E0A9902799BAD800A5B11E /* Frameworks */,
				01E0A9912799BAD800A5B11E /* Resources */,
			);
			buildRules = (
			);
			dependencies = (
			);
			name = iExam;
			packageProductDependencies = (
				01E0A9CD279ACA6800A5B11E /* Alamofire */,
			);
			productName = iExam;
			productReference = 01E0A9932799BAD800A5B11E /* iExam.app */;
			productType = "com.apple.product-type.application";
		};
		01E0A9A82799BADA00A5B11E /* iExamTests */ = {
			isa = PBXNativeTarget;
			buildConfigurationList = 01E0A9C02799BADA00A5B11E /* Build configuration list for PBXNativeTarget "iExamTests" */;
			buildPhases = (
				01E0A9A52799BADA00A5B11E /* Sources */,
				01E0A9A62799BADA00A5B11E /* Frameworks */,
				01E0A9A72799BADA00A5B11E /* Resources */,
			);
			buildRules = (
			);
			dependencies = (
				01E0A9AB2799BADA00A5B11E /* PBXTargetDependency */,
			);
			name = iExamTests;
			productName = iExamTests;
			productReference = 01E0A9A92799BADA00A5B11E /* iExamTests.xctest */;
			productType = "com.apple.product-type.bundle.unit-test";
		};
		01E0A9B22799BADA00A5B11E /* iExamUITests */ = {
			isa = PBXNativeTarget;
			buildConfigurationList = 01E0A9C32799BADA00A5B11E /* Build configuration list for PBXNativeTarget "iExamUITests" */;
			buildPhases = (
				01E0A9AF2799BADA00A5B11E /* Sources */,
				01E0A9B02799BADA00A5B11E /* Frameworks */,
				01E0A9B12799BADA00A5B11E /* Resources */,
			);
			buildRules = (
			);
			dependencies = (
				01E0A9B52799BADA00A5B11E /* PBXTargetDependency */,
			);
			name = iExamUITests;
			productName = iExamUITests;
			productReference = 01E0A9B32799BADA00A5B11E /* iExamUITests.xctest */;
			productType = "com.apple.product-type.bundle.ui-testing";
		};
/* End PBXNativeTarget section */

/* Begin PBXProject section */
		01E0A98B2799BAD800A5B11E /* Project object */ = {
			isa = PBXProject;
			attributes = {
				BuildIndependentTargetsInParallel = 1;
				LastSwiftUpdateCheck = 1320;
				LastUpgradeCheck = 1320;
				TargetAttributes = {
					01E0A9922799BAD800A5B11E = {
						CreatedOnToolsVersion = 13.2.1;
					};
					01E0A9A82799BADA00A5B11E = {
						CreatedOnToolsVersion = 13.2.1;
						TestTargetID = 01E0A9922799BAD800A5B11E;
					};
					01E0A9B22799BADA00A5B11E = {
						CreatedOnToolsVersion = 13.2.1;
						TestTargetID = 01E0A9922799BAD800A5B11E;
					};
				};
			};
			buildConfigurationList = 01E0A98E2799BAD800A5B11E /* Build configuration list for PBXProject "iExam" */;
			compatibilityVersion = "Xcode 13.0";
			developmentRegion = en;
			hasScannedForEncodings = 0;
			knownRegions = (
				en,
				Base,
			);
			mainGroup = 01E0A98A2799BAD800A5B11E;
			packageReferences = (
				01E0A9CC279ACA6800A5B11E /* XCRemoteSwiftPackageReference "Alamofire" */,
			);
			productRefGroup = 01E0A9942799BAD800A5B11E /* Products */;
			projectDirPath = "";
			projectRoot = "";
			targets = (
				01E0A9922799BAD800A5B11E /* iExam */,
				01E0A9A82799BADA00A5B11E /* iExamTests */,
				01E0A9B22799BADA00A5B11E /* iExamUITests */,
			);
		};
/* End PBXProject section */

/* Begin PBXResourcesBuildPhase section */
		01E0A9912799BAD800A5B11E /* Resources */ = {
			isa = PBXResourcesBuildPhase;
			buildActionMask = 2147483647;
			files = (
				01E0A9A32799BADA00A5B11E /* LaunchScreen.storyboard in Resources */,
				01E0A9A02799BADA00A5B11E /* Assets.xcassets in Resources */,
				01797F77279EE63300361AC1 /* katex in Resources */,
				01E0A99E2799BAD800A5B11E /* Main.storyboard in Resources */,
			);
			runOnlyForDeploymentPostprocessing = 0;
		};
		01E0A9A72799BADA00A5B11E /* Resources */ = {
			isa = PBXResourcesBuildPhase;
			buildActionMask = 2147483647;
			files = (
			);
			runOnlyForDeploymentPostprocessing = 0;
		};
		01E0A9B12799BADA00A5B11E /* Resources */ = {
			isa = PBXResourcesBuildPhase;
			buildActionMask = 2147483647;
			files = (
			);
			runOnlyForDeploymentPostprocessing = 0;
		};
/* End PBXResourcesBuildPhase section */

/* Begin PBXSourcesBuildPhase section */
		01E0A98F2799BAD800A5B11E /* Sources */ = {
			isa = PBXSourcesBuildPhase;
			buildActionMask = 2147483647;
			files = (
				01797F24279EE34000361AC1 /* KatexMathView.swift in Sources */,
				018EE3B1279D9E78008878CC /* QuestionsViewController.swift in Sources */,
				01E0A99B2799BAD800A5B11E /* LandingPageViewController.swift in Sources */,
				01E0A9972799BAD800A5B11E /* AppDelegate.swift in Sources */,
				01E0A9992799BAD800A5B11E /* SceneDelegate.swift in Sources */,
				01797ECE279ED77E00361AC1 /* QuestionsViewModel.swift in Sources */,
				01E0A9D0279AD12C00A5B11E /* LandingPageViewModel.swift in Sources */,
				01E0A9D4279AD5A400A5B11E /* NetworkManager.swift in Sources */,
				01E0A9CB279AB87200A5B11E /* UIView+Extension.swift in Sources */,
				012069A127A12BB7005AA11C /* QuestionsCell.swift in Sources */,
				018EE3B5279E7CE9008878CC /* OptionsCell.swift in Sources */,
				018EE3AF279D3C36008878CC /* Navigator.swift in Sources */,
				01E0A9C7279AB3B300A5B11E /* InformationViewController.swift in Sources */,
				018EE3B3279E7CC9008878CC /* QuestionCell.swift in Sources */,
				01E0A9D2279AD47200A5B11E /* InformationViewModel.swift in Sources */,
				018EE3AD279D3AC4008878CC /* Constants.swift in Sources */,
			);
			runOnlyForDeploymentPostprocessing = 0;
		};
		01E0A9A52799BADA00A5B11E /* Sources */ = {
			isa = PBXSourcesBuildPhase;
			buildActionMask = 2147483647;
			files = (
				01E0A9AE2799BADA00A5B11E /* iExamTests.swift in Sources */,
			);
			runOnlyForDeploymentPostprocessing = 0;
		};
		01E0A9AF2799BADA00A5B11E /* Sources */ = {
			isa = PBXSourcesBuildPhase;
			buildActionMask = 2147483647;
			files = (
				01E0A9B82799BADA00A5B11E /* iExamUITests.swift in Sources */,
				01E0A9BA2799BADA00A5B11E /* iExamUITestsLaunchTests.swift in Sources */,
			);
			runOnlyForDeploymentPostprocessing = 0;
		};
/* End PBXSourcesBuildPhase section */

/* Begin PBXTargetDependency section */
		01E0A9AB2799BADA00A5B11E /* PBXTargetDependency */ = {
			isa = PBXTargetDependency;
			target = 01E0A9922799BAD800A5B11E /* iExam */;
			targetProxy = 01E0A9AA2799BADA00A5B11E /* PBXContainerItemProxy */;
		};
		01E0A9B52799BADA00A5B11E /* PBXTargetDependency */ = {
			isa = PBXTargetDependency;
			target = 01E0A9922799BAD800A5B11E /* iExam */;
			targetProxy = 01E0A9B42799BADA00A5B11E /* PBXContainerItemProxy */;
		};
/* End PBXTargetDependency section */

/* Begin PBXVariantGroup section */
		01E0A99C2799BAD800A5B11E /* Main.storyboard */ = {
			isa = PBXVariantGroup;
			children = (
				01E0A99D2799BAD800A5B11E /* Base */,
			);
			name = Main.storyboard;
			sourceTree = "<group>";
		};
		01E0A9A12799BADA00A5B11E /* LaunchScreen.storyboard */ = {
			isa = PBXVariantGroup;
			children = (
				01E0A9A22799BADA00A5B11E /* Base */,
			);
			name = LaunchScreen.storyboard;
			sourceTree = "<group>";
		};
/* End PBXVariantGroup section */

/* Begin XCBuildConfiguration section */
		01E0A9BB2799BADA00A5B11E /* Debug */ = {
			isa = XCBuildConfiguration;
			buildSettings = {
				ALWAYS_SEARCH_USER_PATHS = NO;
				CLANG_ANALYZER_NONNULL = YES;
				CLANG_ANALYZER_NUMBER_OBJECT_CONVERSION = YES_AGGRESSIVE;
				CLANG_CXX_LANGUAGE_STANDARD = "gnu++17";
				CLANG_CXX_LIBRARY = "libc++";
				CLANG_ENABLE_MODULES = YES;
				CLANG_ENABLE_OBJC_ARC = YES;
				CLANG_ENABLE_OBJC_WEAK = YES;
				CLANG_WARN_BLOCK_CAPTURE_AUTORELEASING = YES;
				CLANG_WARN_BOOL_CONVERSION = YES;
				CLANG_WARN_COMMA = YES;
				CLANG_WARN_CONSTANT_CONVERSION = YES;
				CLANG_WARN_DEPRECATED_OBJC_IMPLEMENTATIONS = YES;
				CLANG_WARN_DIRECT_OBJC_ISA_USAGE = YES_ERROR;
				CLANG_WARN_DOCUMENTATION_COMMENTS = YES;
				CLANG_WARN_EMPTY_BODY = YES;
				CLANG_WARN_ENUM_CONVERSION = YES;
				CLANG_WARN_INFINITE_RECURSION = YES;
				CLANG_WARN_INT_CONVERSION = YES;
				CLANG_WARN_NON_LITERAL_NULL_CONVERSION = YES;
				CLANG_WARN_OBJC_IMPLICIT_RETAIN_SELF = YES;
				CLANG_WARN_OBJC_LITERAL_CONVERSION = YES;
				CLANG_WARN_OBJC_ROOT_CLASS = YES_ERROR;
				CLANG_WARN_QUOTED_INCLUDE_IN_FRAMEWORK_HEADER = YES;
				CLANG_WARN_RANGE_LOOP_ANALYSIS = YES;
				CLANG_WARN_STRICT_PROTOTYPES = YES;
				CLANG_WARN_SUSPICIOUS_MOVE = YES;
				CLANG_WARN_UNGUARDED_AVAILABILITY = YES_AGGRESSIVE;
				CLANG_WARN_UNREACHABLE_CODE = YES;
				CLANG_WARN__DUPLICATE_METHOD_MATCH = YES;
				COPY_PHASE_STRIP = NO;
				DEBUG_INFORMATION_FORMAT = dwarf;
				ENABLE_STRICT_OBJC_MSGSEND = YES;
				ENABLE_TESTABILITY = YES;
				GCC_C_LANGUAGE_STANDARD = gnu11;
				GCC_DYNAMIC_NO_PIC = NO;
				GCC_NO_COMMON_BLOCKS = YES;
				GCC_OPTIMIZATION_LEVEL = 0;
				GCC_PREPROCESSOR_DEFINITIONS = (
					"DEBUG=1",
					"$(inherited)",
				);
				GCC_WARN_64_TO_32_BIT_CONVERSION = YES;
				GCC_WARN_ABOUT_RETURN_TYPE = YES_ERROR;
				GCC_WARN_UNDECLARED_SELECTOR = YES;
				GCC_WARN_UNINITIALIZED_AUTOS = YES_AGGRESSIVE;
				GCC_WARN_UNUSED_FUNCTION = YES;
				GCC_WARN_UNUSED_VARIABLE = YES;
				IPHONEOS_DEPLOYMENT_TARGET = 15.2;
				MTL_ENABLE_DEBUG_INFO = INCLUDE_SOURCE;
				MTL_FAST_MATH = YES;
				ONLY_ACTIVE_ARCH = YES;
				SDKROOT = iphoneos;
				SWIFT_ACTIVE_COMPILATION_CONDITIONS = DEBUG;
				SWIFT_OPTIMIZATION_LEVEL = "-Onone";
			};
			name = Debug;
		};
		01E0A9BC2799BADA00A5B11E /* Release */ = {
			isa = XCBuildConfiguration;
			buildSettings = {
				ALWAYS_SEARCH_USER_PATHS = NO;
				CLANG_ANALYZER_NONNULL = YES;
				CLANG_ANALYZER_NUMBER_OBJECT_CONVERSION = YES_AGGRESSIVE;
				CLANG_CXX_LANGUAGE_STANDARD = "gnu++17";
				CLANG_CXX_LIBRARY = "libc++";
				CLANG_ENABLE_MODULES = YES;
				CLANG_ENABLE_OBJC_ARC = YES;
				CLANG_ENABLE_OBJC_WEAK = YES;
				CLANG_WARN_BLOCK_CAPTURE_AUTORELEASING = YES;
				CLANG_WARN_BOOL_CONVERSION = YES;
				CLANG_WARN_COMMA = YES;
				CLANG_WARN_CONSTANT_CONVERSION = YES;
				CLANG_WARN_DEPRECATED_OBJC_IMPLEMENTATIONS = YES;
				CLANG_WARN_DIRECT_OBJC_ISA_USAGE = YES_ERROR;
				CLANG_WARN_DOCUMENTATION_COMMENTS = YES;
				CLANG_WARN_EMPTY_BODY = YES;
				CLANG_WARN_ENUM_CONVERSION = YES;
				CLANG_WARN_INFINITE_RECURSION = YES;
				CLANG_WARN_INT_CONVERSION = YES;
				CLANG_WARN_NON_LITERAL_NULL_CONVERSION = YES;
				CLANG_WARN_OBJC_IMPLICIT_RETAIN_SELF = YES;
				CLANG_WARN_OBJC_LITERAL_CONVERSION = YES;
				CLANG_WARN_OBJC_ROOT_CLASS = YES_ERROR;
				CLANG_WARN_QUOTED_INCLUDE_IN_FRAMEWORK_HEADER = YES;
				CLANG_WARN_RANGE_LOOP_ANALYSIS = YES;
				CLANG_WARN_STRICT_PROTOTYPES = YES;
				CLANG_WARN_SUSPICIOUS_MOVE = YES;
				CLANG_WARN_UNGUARDED_AVAILABILITY = YES_AGGRESSIVE;
				CLANG_WARN_UNREACHABLE_CODE = YES;
				CLANG_WARN__DUPLICATE_METHOD_MATCH = YES;
				COPY_PHASE_STRIP = NO;
				DEBUG_INFORMATION_FORMAT = "dwarf-with-dsym";
				ENABLE_NS_ASSERTIONS = NO;
				ENABLE_STRICT_OBJC_MSGSEND = YES;
				GCC_C_LANGUAGE_STANDARD = gnu11;
				GCC_NO_COMMON_BLOCKS = YES;
				GCC_WARN_64_TO_32_BIT_CONVERSION = YES;
				GCC_WARN_ABOUT_RETURN_TYPE = YES_ERROR;
				GCC_WARN_UNDECLARED_SELECTOR = YES;
				GCC_WARN_UNINITIALIZED_AUTOS = YES_AGGRESSIVE;
				GCC_WARN_UNUSED_FUNCTION = YES;
				GCC_WARN_UNUSED_VARIABLE = YES;
				IPHONEOS_DEPLOYMENT_TARGET = 15.2;
				MTL_ENABLE_DEBUG_INFO = NO;
				MTL_FAST_MATH = YES;
				SDKROOT = iphoneos;
				SWIFT_COMPILATION_MODE = wholemodule;
				SWIFT_OPTIMIZATION_LEVEL = "-O";
				VALIDATE_PRODUCT = YES;
			};
			name = Release;
		};
		01E0A9BE2799BADA00A5B11E /* Debug */ = {
			isa = XCBuildConfiguration;
			buildSettings = {
				ASSETCATALOG_COMPILER_APPICON_NAME = AppIcon;
				ASSETCATALOG_COMPILER_GLOBAL_ACCENT_COLOR_NAME = AccentColor;
				CODE_SIGN_STYLE = Automatic;
				CURRENT_PROJECT_VERSION = 1;
				DEVELOPMENT_TEAM = HMAJTGF86D;
				GENERATE_INFOPLIST_FILE = YES;
				INFOPLIST_FILE = iExam/Info.plist;
				INFOPLIST_KEY_UIApplicationSupportsIndirectInputEvents = YES;
				INFOPLIST_KEY_UILaunchStoryboardName = LaunchScreen;
				INFOPLIST_KEY_UIMainStoryboardFile = Main;
				INFOPLIST_KEY_UISupportedInterfaceOrientations_iPad = "UIInterfaceOrientationPortrait UIInterfaceOrientationPortraitUpsideDown UIInterfaceOrientationLandscapeLeft UIInterfaceOrientationLandscapeRight";
				INFOPLIST_KEY_UISupportedInterfaceOrientations_iPhone = "UIInterfaceOrientationPortrait UIInterfaceOrientationLandscapeLeft UIInterfaceOrientationLandscapeRight";
				LD_RUNPATH_SEARCH_PATHS = (
					"$(inherited)",
					"@executable_path/Frameworks",
				);
				MARKETING_VERSION = 1.0;
				PRODUCT_BUNDLE_IDENTIFIER = com.io.iExam;
				PRODUCT_NAME = "$(TARGET_NAME)";
				SWIFT_EMIT_LOC_STRINGS = YES;
				SWIFT_VERSION = 5.0;
				TARGETED_DEVICE_FAMILY = "1,2";
			};
			name = Debug;
		};
		01E0A9BF2799BADA00A5B11E /* Release */ = {
			isa = XCBuildConfiguration;
			buildSettings = {
				ASSETCATALOG_COMPILER_APPICON_NAME = AppIcon;
				ASSETCATALOG_COMPILER_GLOBAL_ACCENT_COLOR_NAME = AccentColor;
				CODE_SIGN_STYLE = Automatic;
				CURRENT_PROJECT_VERSION = 1;
				DEVELOPMENT_TEAM = HMAJTGF86D;
				GENERATE_INFOPLIST_FILE = YES;
				INFOPLIST_FILE = iExam/Info.plist;
				INFOPLIST_KEY_UIApplicationSupportsIndirectInputEvents = YES;
				INFOPLIST_KEY_UILaunchStoryboardName = LaunchScreen;
				INFOPLIST_KEY_UIMainStoryboardFile = Main;
				INFOPLIST_KEY_UISupportedInterfaceOrientations_iPad = "UIInterfaceOrientationPortrait UIInterfaceOrientationPortraitUpsideDown UIInterfaceOrientationLandscapeLeft UIInterfaceOrientationLandscapeRight";
				INFOPLIST_KEY_UISupportedInterfaceOrientations_iPhone = "UIInterfaceOrientationPortrait UIInterfaceOrientationLandscapeLeft UIInterfaceOrientationLandscapeRight";
				LD_RUNPATH_SEARCH_PATHS = (
					"$(inherited)",
					"@executable_path/Frameworks",
				);
				MARKETING_VERSION = 1.0;
				PRODUCT_BUNDLE_IDENTIFIER = com.io.iExam;
				PRODUCT_NAME = "$(TARGET_NAME)";
				SWIFT_EMIT_LOC_STRINGS = YES;
				SWIFT_VERSION = 5.0;
				TARGETED_DEVICE_FAMILY = "1,2";
			};
			name = Release;
		};
		01E0A9C12799BADA00A5B11E /* Debug */ = {
			isa = XCBuildConfiguration;
			buildSettings = {
				ALWAYS_EMBED_SWIFT_STANDARD_LIBRARIES = YES;
				BUNDLE_LOADER = "$(TEST_HOST)";
				CODE_SIGN_STYLE = Automatic;
				CURRENT_PROJECT_VERSION = 1;
				DEVELOPMENT_TEAM = HMAJTGF86D;
				GENERATE_INFOPLIST_FILE = YES;
				IPHONEOS_DEPLOYMENT_TARGET = 15.2;
				MARKETING_VERSION = 1.0;
				PRODUCT_BUNDLE_IDENTIFIER = com.io.iExamTests;
				PRODUCT_NAME = "$(TARGET_NAME)";
				SWIFT_EMIT_LOC_STRINGS = NO;
				SWIFT_VERSION = 5.0;
				TARGETED_DEVICE_FAMILY = "1,2";
				TEST_HOST = "$(BUILT_PRODUCTS_DIR)/iExam.app/iExam";
			};
			name = Debug;
		};
		01E0A9C22799BADA00A5B11E /* Release */ = {
			isa = XCBuildConfiguration;
			buildSettings = {
				ALWAYS_EMBED_SWIFT_STANDARD_LIBRARIES = YES;
				BUNDLE_LOADER = "$(TEST_HOST)";
				CODE_SIGN_STYLE = Automatic;
				CURRENT_PROJECT_VERSION = 1;
				DEVELOPMENT_TEAM = HMAJTGF86D;
				GENERATE_INFOPLIST_FILE = YES;
				IPHONEOS_DEPLOYMENT_TARGET = 15.2;
				MARKETING_VERSION = 1.0;
				PRODUCT_BUNDLE_IDENTIFIER = com.io.iExamTests;
				PRODUCT_NAME = "$(TARGET_NAME)";
				SWIFT_EMIT_LOC_STRINGS = NO;
				SWIFT_VERSION = 5.0;
				TARGETED_DEVICE_FAMILY = "1,2";
				TEST_HOST = "$(BUILT_PRODUCTS_DIR)/iExam.app/iExam";
			};
			name = Release;
		};
		01E0A9C42799BADA00A5B11E /* Debug */ = {
			isa = XCBuildConfiguration;
			buildSettings = {
				ALWAYS_EMBED_SWIFT_STANDARD_LIBRARIES = YES;
				CODE_SIGN_STYLE = Automatic;
				CURRENT_PROJECT_VERSION = 1;
				DEVELOPMENT_TEAM = HMAJTGF86D;
				GENERATE_INFOPLIST_FILE = YES;
				MARKETING_VERSION = 1.0;
				PRODUCT_BUNDLE_IDENTIFIER = com.io.iExamUITests;
				PRODUCT_NAME = "$(TARGET_NAME)";
				SWIFT_EMIT_LOC_STRINGS = NO;
				SWIFT_VERSION = 5.0;
				TARGETED_DEVICE_FAMILY = "1,2";
				TEST_TARGET_NAME = iExam;
			};
			name = Debug;
		};
		01E0A9C52799BADA00A5B11E /* Release */ = {
			isa = XCBuildConfiguration;
			buildSettings = {
				ALWAYS_EMBED_SWIFT_STANDARD_LIBRARIES = YES;
				CODE_SIGN_STYLE = Automatic;
				CURRENT_PROJECT_VERSION = 1;
				DEVELOPMENT_TEAM = HMAJTGF86D;
				GENERATE_INFOPLIST_FILE = YES;
				MARKETING_VERSION = 1.0;
				PRODUCT_BUNDLE_IDENTIFIER = com.io.iExamUITests;
				PRODUCT_NAME = "$(TARGET_NAME)";
				SWIFT_EMIT_LOC_STRINGS = NO;
				SWIFT_VERSION = 5.0;
				TARGETED_DEVICE_FAMILY = "1,2";
				TEST_TARGET_NAME = iExam;
			};
			name = Release;
		};
/* End XCBuildConfiguration section */

/* Begin XCConfigurationList section */
		01E0A98E2799BAD800A5B11E /* Build configuration list for PBXProject "iExam" */ = {
			isa = XCConfigurationList;
			buildConfigurations = (
				01E0A9BB2799BADA00A5B11E /* Debug */,
				01E0A9BC2799BADA00A5B11E /* Release */,
			);
			defaultConfigurationIsVisible = 0;
			defaultConfigurationName = Release;
		};
		01E0A9BD2799BADA00A5B11E /* Build configuration list for PBXNativeTarget "iExam" */ = {
			isa = XCConfigurationList;
			buildConfigurations = (
				01E0A9BE2799BADA00A5B11E /* Debug */,
				01E0A9BF2799BADA00A5B11E /* Release */,
			);
			defaultConfigurationIsVisible = 0;
			defaultConfigurationName = Release;
		};
		01E0A9C02799BADA00A5B11E /* Build configuration list for PBXNativeTarget "iExamTests" */ = {
			isa = XCConfigurationList;
			buildConfigurations = (
				01E0A9C12799BADA00A5B11E /* Debug */,
				01E0A9C22799BADA00A5B11E /* Release */,
			);
			defaultConfigurationIsVisible = 0;
			defaultConfigurationName = Release;
		};
		01E0A9C32799BADA00A5B11E /* Build configuration list for PBXNativeTarget "iExamUITests" */ = {
			isa = XCConfigurationList;
			buildConfigurations = (
				01E0A9C42799BADA00A5B11E /* Debug */,
				01E0A9C52799BADA00A5B11E /* Release */,
			);
			defaultConfigurationIsVisible = 0;
			defaultConfigurationName = Release;
		};
/* End XCConfigurationList section */

/* Begin XCRemoteSwiftPackageReference section */
		01E0A9CC279ACA6800A5B11E /* XCRemoteSwiftPackageReference "Alamofire" */ = {
			isa = XCRemoteSwiftPackageReference;
			repositoryURL = "https://github.com/Alamofire/Alamofire.git";
			requirement = {
				kind = upToNextMajorVersion;
				minimumVersion = 5.0.0;
			};
		};
/* End XCRemoteSwiftPackageReference section */

/* Begin XCSwiftPackageProductDependency section */
		01E0A9CD279ACA6800A5B11E /* Alamofire */ = {
			isa = XCSwiftPackageProductDependency;
			package = 01E0A9CC279ACA6800A5B11E /* XCRemoteSwiftPackageReference "Alamofire" */;
			productName = Alamofire;
		};
/* End XCSwiftPackageProductDependency section */
	};
	rootObject = 01E0A98B2799BAD800A5B11E /* Project object */;
}
